
Microsoft Visual Studio Solution File, Format Version 12.00
# Visual Studio Version 17
VisualStudioVersion = 17.11.35327.3
MinimumVisualStudioVersion = 10.0.40219.1
Project("{FAE04EC0-301F-11D3-BF4B-00C04F79EFBC}") = "course_work", "course_work\course_work.csproj", "{83354F6F-9B2E-4CDB-826A-1954EE5178C9}"
EndProject
Global
	GlobalSection(SolutionConfigurationPlatforms) = preSolution
		Debug|Any CPU = Debug|Any CPU
		Release|Any CPU = Release|Any CPU
	EndGlobalSection
	GlobalSection(ProjectConfigurationPlatforms) = postSolution
		{83354F6F-9B2E-4CDB-826A-1954EE5178C9}.Debug|Any CPU.ActiveCfg = Debug|Any CPU
		{83354F6F-9B2E-4CDB-826A-1954EE5178C9}.Debug|Any CPU.Build.0 = Debug|Any CPU
		{83354F6F-9B2E-4CDB-826A-1954EE5178C9}.Release|Any CPU.ActiveCfg = Release|Any CPU
		{83354F6F-9B2E-4CDB-826A-1954EE5178C9}.Release|Any CPU.Build.0 = Release|Any CPU
	EndGlobalSection
	GlobalSection(SolutionProperties) = preSolution
		HideSolutionNode = FALSE
	EndGlobalSection
	GlobalSection(ExtensibilityGlobals) = postSolution
		SolutionGuid = {49CA6521-3103-4707-A3AF-E98B0F4AE10B}
	EndGlobalSection
EndGlobal
